<Solution>
  <Project Path="WebExpress.WebIndex.Test/WebExpress.WebIndex.Test.csproj" />
  <Project Path="WebExpress.WebIndex.Wi/WebExpress.WebIndex.Wi.csproj" />
  <Project Path="WebExpress.WebIndex.WiUI/WebExpress.WebIndex.WiUI.csproj">
    <Deploy Solution="Debug|*" />
  </Project>
  <Project Path="WebExpress.WebIndex/WebExpress.WebIndex.csproj" />
</Solution>
